# THIS IS AN AUTOGENERATED FILE. DO NOT EDIT THIS FILE DIRECTLY.
# yarn lockfile v1


"@tsconfig/recommended@^1.0.1":
  version "1.0.1"
  resolved "https://registry.yarnpkg.com/@tsconfig/recommended/-/recommended-1.0.1.tgz#7619bad397e06ead1c5182926c944e0ca6177f52"
  integrity sha512-2xN+iGTbPBEzGSnVp/Hd64vKJCJWxsi9gfs88x4PPMyEjHJoA3o5BY9r5OLPHIZU2pAQxkSAsJFqn6itClP8mQ==

"@types/crypto-js@^4.0.2":
  version "4.0.2"
  resolved "https://registry.yarnpkg.com/@types/crypto-js/-/crypto-js-4.0.2.tgz#4524325a175bf819fec6e42560c389ce1fb92c97"
  integrity sha512-sCVniU+h3GcGqxOmng11BRvf9TfN9yIs8KKjB8C8d75W69cpTfZG80gau9yTx5SxF3gvHGbJhdESzzvnjtf3Og==

"@types/node@^16.7.8":
  version "16.7.8"
  resolved "https://registry.yarnpkg.com/@types/node/-/node-16.7.8.tgz#2448be5f24fe6b77114632b6350fcd219334651e"
  integrity sha512-8upnoQU0OPzbIkm+ZMM0zCeFCkw2s3mS0IWdx0+AAaWqm4fkBb0UJp8Edl7FVKRamYbpJC/aVsHpKWBIbiC7Zg==

axios@^0.21.1:
  version "0.21.1"
  resolved "https://registry.yarnpkg.com/axios/-/axios-0.21.1.tgz#22563481962f4d6bde9a76d516ef0e5d3c09b2b8"
  integrity sha512-dKQiRHxGD9PPRIUNIWvZhPTPpl1rf/OxTYKsqKUDjBwYylTvV7SjSHJb9ratfyzM6wCdLCOYLzs73qpg5c4iGA==
  dependencies:
    follow-redirects "^1.10.0"

crypto-js@^4.1.1:
  version "4.1.1"
  resolved "https://registry.yarnpkg.com/crypto-js/-/crypto-js-4.1.1.tgz#9e485bcf03521041bd85844786b83fb7619736cf"
  integrity sha512-o2JlM7ydqd3Qk9CA0L4NL6mTzU2sdx96a+oOfPu8Mkl/PK51vSyoi8/rQ8NknZtk44vq15lmhAj9CIAGwgeWKw==

follow-redirects@^1.10.0:
  version "1.14.2"
  resolved "https://registry.yarnpkg.com/follow-redirects/-/follow-redirects-1.14.2.tgz#cecb825047c00f5e66b142f90fed4f515dec789b"
  integrity sha512-yLR6WaE2lbF0x4K2qE2p9PEXKLDjUjnR/xmjS3wHAYxtlsI9MLLBJUZirAHKzUZDGLxje7w/cXR49WOUo4rbsA==

immutable@^4.0.0-rc.14:
  version "4.0.0-rc.14"
  resolved "https://registry.yarnpkg.com/immutable/-/immutable-4.0.0-rc.14.tgz#29ba96631ec10867d1348515ac4e6bdba462f071"
  integrity sha512-pfkvmRKJSoW7JFx0QeYlAmT+kNYvn5j0u7bnpNq4N2RCvHSTlLT208G8jgaquNe+Q8kCPHKOSpxJkyvLDpYq0w==

typescript@^4.4.2:
  version "4.4.2"
  resolved "https://registry.yarnpkg.com/typescript/-/typescript-4.4.2.tgz#6d618640d430e3569a1dfb44f7d7e600ced3ee86"
  integrity sha512-gzP+t5W4hdy4c+68bfcv0t400HVJMMd2+H9B7gae1nQlBzCqvrXX+6GL/b3GAgyTH966pzrZ70/fRjwAtZksSQ==
